// !$*UTF8*$!
{
	archiveVersion = 1;
	classes = {
	};
	objectVersion = 46;
	objects = {

/* Begin PBXBuildFile section */
		599F2DE31ADAD07A007EF367 /* add1.png in Resources */ = {isa = PBXBuildFile; fileRef = 599F2DE21ADAD07A007EF367 /* add1.png */; };
		599F2DE51ADAD199007EF367 /* add2.png in Resources */ = {isa = PBXBuildFile; fileRef = 599F2DE41ADAD199007EF367 /* add2.png */; };
		800A39D71AC6023000CA4F59 /* SWRevealViewController.m in Sources */ = {isa = PBXBuildFile; fileRef = 800A39D61AC6023000CA4F59 /* SWRevealViewController.m */; };
		800A39D91AC602C400CA4F59 /* MenuController.swift in Sources */ = {isa = PBXBuildFile; fileRef = 800A39D81AC602C400CA4F59 /* MenuController.swift */; };
		800D8B241AD9C6D800AD975C /* SupplyViewController.swift in Sources */ = {isa = PBXBuildFile; fileRef = 800D8B231AD9C6D800AD975C /* SupplyViewController.swift */; };
		800D8B261AD9C6E200AD975C /* BillViewController.swift in Sources */ = {isa = PBXBuildFile; fileRef = 800D8B251AD9C6E200AD975C /* BillViewController.swift */; };
		80106FE91AEC1A2D004A7523 /* ChoreDetailTableViewController.swift in Sources */ = {isa = PBXBuildFile; fileRef = 80106FE81AEC1A2D004A7523 /* ChoreDetailTableViewController.swift */; };
		801824171AC6492C0009A7DE /* Main.storyboard in Resources */ = {isa = PBXBuildFile; fileRef = 801824151AC6492C0009A7DE /* Main.storyboard */; };
		801824191AC64A320009A7DE /* ChoreViewController.swift in Sources */ = {isa = PBXBuildFile; fileRef = 801824181AC64A320009A7DE /* ChoreViewController.swift */; };
		801EAFE81AE55696005BF7C0 /* PrivacyPolicyViewController.swift in Sources */ = {isa = PBXBuildFile; fileRef = 801EAFE71AE55696005BF7C0 /* PrivacyPolicyViewController.swift */; };
		801EAFEA1AE56BD2005BF7C0 /* privacy.html in Resources */ = {isa = PBXBuildFile; fileRef = 801EAFE91AE56BD2005BF7C0 /* privacy.html */; };
		801EAFEC1AE57B62005BF7C0 /* CustomSearchBar.swift in Sources */ = {isa = PBXBuildFile; fileRef = 801EAFEB1AE57B62005BF7C0 /* CustomSearchBar.swift */; };
		8022091A1AE1B67D00B7A7A5 /* RootViewController.swift in Sources */ = {isa = PBXBuildFile; fileRef = 802209191AE1B67D00B7A7A5 /* RootViewController.swift */; };
		8022091C1AE1BD3900B7A7A5 /* MonthlyDayPickerTableViewController.swift in Sources */ = {isa = PBXBuildFile; fileRef = 8022091B1AE1BD3900B7A7A5 /* MonthlyDayPickerTableViewController.swift */; };
		8022091E1AE1BD4A00B7A7A5 /* MonthlyFreqPickerTableViewController.swift in Sources */ = {isa = PBXBuildFile; fileRef = 8022091D1AE1BD4A00B7A7A5 /* MonthlyFreqPickerTableViewController.swift */; };
		8037631D1AEC4150003B906B /* DetailScheduleTableViewController.swift in Sources */ = {isa = PBXBuildFile; fileRef = 8037631C1AEC4150003B906B /* DetailScheduleTableViewController.swift */; };
		803763201AEC416F003B906B /* DetailRepeatTableViewController.swift in Sources */ = {isa = PBXBuildFile; fileRef = 8037631F1AEC416F003B906B /* DetailRepeatTableViewController.swift */; };
		803763221AEC417C003B906B /* DetailFrequencyTableViewController.swift in Sources */ = {isa = PBXBuildFile; fileRef = 803763211AEC417C003B906B /* DetailFrequencyTableViewController.swift */; };
		803763241AEC9E26003B906B /* DetailNavViewController.swift in Sources */ = {isa = PBXBuildFile; fileRef = 803763231AEC9E26003B906B /* DetailNavViewController.swift */; };
		8038EE4E1AF3F55E00E3542C /* GroupsTabBarViewController.swift in Sources */ = {isa = PBXBuildFile; fileRef = 8038EE4D1AF3F55D00E3542C /* GroupsTabBarViewController.swift */; };
		804E5A7C1AE3247F0004536C /* ParseFacebookUtilsV4.framework in Frameworks */ = {isa = PBXBuildFile; fileRef = 804E5A7B1AE3247F0004536C /* ParseFacebookUtilsV4.framework */; };
		8064E54E1AC7381E00863ADA /* ManageGroupsViewController.swift in Sources */ = {isa = PBXBuildFile; fileRef = 8064E54D1AC7381E00863ADA /* ManageGroupsViewController.swift */; };
		80656F551AC5130200C1994C /* createGroupViewController.swift in Sources */ = {isa = PBXBuildFile; fileRef = 80656F541AC5130200C1994C /* createGroupViewController.swift */; };
		807A9B581AEAE13F008AE1E3 /* TransitionManager2.swift in Sources */ = {isa = PBXBuildFile; fileRef = 807A9B571AEAE13F008AE1E3 /* TransitionManager2.swift */; };
		807A9B5A1AEAE3CC008AE1E3 /* ChoreDetailNavController.swift in Sources */ = {isa = PBXBuildFile; fileRef = 807A9B591AEAE3CC008AE1E3 /* ChoreDetailNavController.swift */; };
		807FA8611ABF69C600BB5A8A /* Bolts.framework in Frameworks */ = {isa = PBXBuildFile; fileRef = 807FA85C1ABF69C600BB5A8A /* Bolts.framework */; };
		807FA8621ABF69C700BB5A8A /* Parse.framework in Frameworks */ = {isa = PBXBuildFile; fileRef = 807FA85D1ABF69C600BB5A8A /* Parse.framework */; };
		807FA8631ABF69C700BB5A8A /* ParseCrashReporting.framework in Frameworks */ = {isa = PBXBuildFile; fileRef = 807FA85E1ABF69C600BB5A8A /* ParseCrashReporting.framework */; };
		807FA8641ABF69C700BB5A8A /* ParseFacebookUtils.framework in Frameworks */ = {isa = PBXBuildFile; fileRef = 807FA85F1ABF69C600BB5A8A /* ParseFacebookUtils.framework */; };
		807FA8651ABF69C700BB5A8A /* ParseUI.framework in Frameworks */ = {isa = PBXBuildFile; fileRef = 807FA8601ABF69C600BB5A8A /* ParseUI.framework */; };
		807FA8671ABF69F300BB5A8A /* AudioToolbox.framework in Frameworks */ = {isa = PBXBuildFile; fileRef = 807FA8661ABF69F300BB5A8A /* AudioToolbox.framework */; };
		807FA8691ABF69F800BB5A8A /* CFNetwork.framework in Frameworks */ = {isa = PBXBuildFile; fileRef = 807FA8681ABF69F800BB5A8A /* CFNetwork.framework */; };
		807FA86B1ABF69FC00BB5A8A /* CoreGraphics.framework in Frameworks */ = {isa = PBXBuildFile; fileRef = 807FA86A1ABF69FC00BB5A8A /* CoreGraphics.framework */; };
		807FA86D1ABF6A0200BB5A8A /* CoreLocation.framework in Frameworks */ = {isa = PBXBuildFile; fileRef = 807FA86C1ABF6A0200BB5A8A /* CoreLocation.framework */; };
		807FA86F1ABF6A0700BB5A8A /* MobileCoreServices.framework in Frameworks */ = {isa = PBXBuildFile; fileRef = 807FA86E1ABF6A0700BB5A8A /* MobileCoreServices.framework */; };
		807FA8711ABF6A0C00BB5A8A /* QuartzCore.framework in Frameworks */ = {isa = PBXBuildFile; fileRef = 807FA8701ABF6A0C00BB5A8A /* QuartzCore.framework */; };
		807FA8731ABF6A1100BB5A8A /* Security.framework in Frameworks */ = {isa = PBXBuildFile; fileRef = 807FA8721ABF6A1100BB5A8A /* Security.framework */; };
		807FA8771ABF6A1F00BB5A8A /* SystemConfiguration.framework in Frameworks */ = {isa = PBXBuildFile; fileRef = 807FA8761ABF6A1F00BB5A8A /* SystemConfiguration.framework */; };
		807FA8791ABF6A2700BB5A8A /* libz.dylib in Frameworks */ = {isa = PBXBuildFile; fileRef = 807FA8781ABF6A2700BB5A8A /* libz.dylib */; };
		807FA87B1ABF6A2D00BB5A8A /* libsqlite3.dylib in Frameworks */ = {isa = PBXBuildFile; fileRef = 807FA87A1ABF6A2D00BB5A8A /* libsqlite3.dylib */; };
		808E36471AF409CE007492D0 /* JoinRequestsTableViewController.swift in Sources */ = {isa = PBXBuildFile; fileRef = 808E36461AF409CE007492D0 /* JoinRequestsTableViewController.swift */; };
		808E36491AF40C74007492D0 /* FBUserPointer.swift in Sources */ = {isa = PBXBuildFile; fileRef = 808E36481AF40C74007492D0 /* FBUserPointer.swift */; };
		808FD8021AE4C56200FEDC6D /* supplyItem.swift in Sources */ = {isa = PBXBuildFile; fileRef = 808FD8011AE4C56200FEDC6D /* supplyItem.swift */; };
		809490271AC36902004C364E /* LoginViewController.swift in Sources */ = {isa = PBXBuildFile; fileRef = 809490261AC36902004C364E /* LoginViewController.swift */; };
		809490291AC38093004C364E /* RegisterViewController.swift in Sources */ = {isa = PBXBuildFile; fileRef = 809490281AC38093004C364E /* RegisterViewController.swift */; };
		80AF9BD31ABCE915003829F3 /* PageNavigationController.swift in Sources */ = {isa = PBXBuildFile; fileRef = 80AF9BD21ABCE915003829F3 /* PageNavigationController.swift */; };
		80B7813E1AD97A8600B03AF7 /* DRDynamicSlideShow.m in Sources */ = {isa = PBXBuildFile; fileRef = 80B7813D1AD97A8600B03AF7 /* DRDynamicSlideShow.m */; };
		80B781401AD97C1E00B03AF7 /* ChoreFeedViewController.swift in Sources */ = {isa = PBXBuildFile; fileRef = 80B7813F1AD97C1E00B03AF7 /* ChoreFeedViewController.swift */; };
		80C211F81AD37EBE00DD512A /* RoommateTableViewCell.swift in Sources */ = {isa = PBXBuildFile; fileRef = 80C211F71AD37EBE00DD512A /* RoommateTableViewCell.swift */; };
		80C7B1B61ADC4A03006028C2 /* SWCellScrollView.m in Sources */ = {isa = PBXBuildFile; fileRef = 80C7B1AD1ADC4A03006028C2 /* SWCellScrollView.m */; };
		80C7B1B71ADC4A03006028C2 /* SWLongPressGestureRecognizer.m in Sources */ = {isa = PBXBuildFile; fileRef = 80C7B1AF1ADC4A03006028C2 /* SWLongPressGestureRecognizer.m */; };
		80C7B1B81ADC4A03006028C2 /* SWTableViewCell.m in Sources */ = {isa = PBXBuildFile; fileRef = 80C7B1B11ADC4A03006028C2 /* SWTableViewCell.m */; };
		80C7B1B91ADC4A03006028C2 /* SWUtilityButtonTapGestureRecognizer.m in Sources */ = {isa = PBXBuildFile; fileRef = 80C7B1B31ADC4A03006028C2 /* SWUtilityButtonTapGestureRecognizer.m */; };
		80C7B1BA1ADC4A03006028C2 /* SWUtilityButtonView.m in Sources */ = {isa = PBXBuildFile; fileRef = 80C7B1B51ADC4A03006028C2 /* SWUtilityButtonView.m */; };
		80C7C7731AD4E91E009E9736 /* BBBadgeBarButtonItem.m in Sources */ = {isa = PBXBuildFile; fileRef = 80C7C7721AD4E91E009E9736 /* BBBadgeBarButtonItem.m */; };
		80C7C7751AD58C0A009E9736 /* ChoreBoardBlueNavigationController.swift in Sources */ = {isa = PBXBuildFile; fileRef = 80C7C7741AD58C0A009E9736 /* ChoreBoardBlueNavigationController.swift */; };
		80C7C7771AD5C60A009E9736 /* groupNotifications.swift in Sources */ = {isa = PBXBuildFile; fileRef = 80C7C7761AD5C60A009E9736 /* groupNotifications.swift */; };
		80CC8D781ADD80B500833CE2 /* NotificationsTableViewController.swift in Sources */ = {isa = PBXBuildFile; fileRef = 80CC8D771ADD80B500833CE2 /* NotificationsTableViewController.swift */; };
		80CC8D7A1ADD80E900833CE2 /* notificationItem.swift in Sources */ = {isa = PBXBuildFile; fileRef = 80CC8D791ADD80E900833CE2 /* notificationItem.swift */; };
		80D89BB51AA768CD00583941 /* AppDelegate.swift in Sources */ = {isa = PBXBuildFile; fileRef = 80D89BB41AA768CD00583941 /* AppDelegate.swift */; };
		80D89BBC1AA768CD00583941 /* Images.xcassets in Resources */ = {isa = PBXBuildFile; fileRef = 80D89BBB1AA768CD00583941 /* Images.xcassets */; };
		80D89BBF1AA768CD00583941 /* LaunchScreen.xib in Resources */ = {isa = PBXBuildFile; fileRef = 80D89BBD1AA768CD00583941 /* LaunchScreen.xib */; };
		80DA7D811ACA4BFA001B8999 /* PushNotificationController.swift in Sources */ = {isa = PBXBuildFile; fileRef = 80DA7D801ACA4BFA001B8999 /* PushNotificationController.swift */; };
		80DA7D841ACA4FB7001B8999 /* ApiKeys.swift in Sources */ = {isa = PBXBuildFile; fileRef = 80DA7D831ACA4FB7001B8999 /* ApiKeys.swift */; };
		80DA7D861ACA558D001B8999 /* ApiKeys.plist in Resources */ = {isa = PBXBuildFile; fileRef = 80DA7D851ACA558D001B8999 /* ApiKeys.plist */; };
		80DA7D8A1ACB120F001B8999 /* FindRoommatesTableViewController.swift in Sources */ = {isa = PBXBuildFile; fileRef = 80DA7D891ACB120F001B8999 /* FindRoommatesTableViewController.swift */; };
		80DA7D8C1ACB7916001B8999 /* UserTemp.swift in Sources */ = {isa = PBXBuildFile; fileRef = 80DA7D8B1ACB7916001B8999 /* UserTemp.swift */; };
		80DA80601ACCA1B7001B8999 /* FacebookSDK.framework in Frameworks */ = {isa = PBXBuildFile; fileRef = 80DA805F1ACCA1B7001B8999 /* FacebookSDK.framework */; };
		80DA80621ACCA1D8001B8999 /* FBSDKCoreKit.framework in Frameworks */ = {isa = PBXBuildFile; fileRef = 80DA80611ACCA1D8001B8999 /* FBSDKCoreKit.framework */; };
		80DA80641ACCA1DE001B8999 /* FBSDKLoginKit.framework in Frameworks */ = {isa = PBXBuildFile; fileRef = 80DA80631ACCA1DE001B8999 /* FBSDKLoginKit.framework */; };
		80DA80661ACCA1E9001B8999 /* FBSDKShareKit.framework in Frameworks */ = {isa = PBXBuildFile; fileRef = 80DA80651ACCA1E9001B8999 /* FBSDKShareKit.framework */; };
		80DA80681AD23DDD001B8999 /* FBUser.swift in Sources */ = {isa = PBXBuildFile; fileRef = 80DA80671AD23DDD001B8999 /* FBUser.swift */; };
		80E2A0A91AB7FA3B008A169D /* ChoreDetailViewController.swift in Sources */ = {isa = PBXBuildFile; fileRef = 80E2A0A61AB7FA3B008A169D /* ChoreDetailViewController.swift */; };
		80E2A0AD1AB7FA5A008A169D /* PageItemController.swift in Sources */ = {isa = PBXBuildFile; fileRef = 80E2A0AC1AB7FA5A008A169D /* PageItemController.swift */; };
		80E2A0AF1AB800EF008A169D /* choreItem.swift in Sources */ = {isa = PBXBuildFile; fileRef = 80E2A0AE1AB800EF008A169D /* choreItem.swift */; };
		80E2A0B11AB8010F008A169D /* StrikeThroughText.swift in Sources */ = {isa = PBXBuildFile; fileRef = 80E2A0B01AB8010F008A169D /* StrikeThroughText.swift */; };
		80E2A0B31AB801DA008A169D /* TableViewCell.swift in Sources */ = {isa = PBXBuildFile; fileRef = 80E2A0B21AB801DA008A169D /* TableViewCell.swift */; };
		80E655581AE49CAD0033997D /* ChoreTEMPViewController.swift in Sources */ = {isa = PBXBuildFile; fileRef = 80E655571AE49CAD0033997D /* ChoreTEMPViewController.swift */; };
		80EECF7A1AE4E47500F78CCE /* groupItem.swift in Sources */ = {isa = PBXBuildFile; fileRef = 80EECF791AE4E47500F78CCE /* groupItem.swift */; };
		80EECF7C1AE4E9DA00F78CCE /* ChoreFeedCell.swift in Sources */ = {isa = PBXBuildFile; fileRef = 80EECF7B1AE4E9DA00F78CCE /* ChoreFeedCell.swift */; };
		80F434E01ADB097B00B15B4B /* WeeklyPickerTableViewController.swift in Sources */ = {isa = PBXBuildFile; fileRef = 80F434DF1ADB097B00B15B4B /* WeeklyPickerTableViewController.swift */; };
		80F434E21ADB181000B15B4B /* DayPickerTableViewController.swift in Sources */ = {isa = PBXBuildFile; fileRef = 80F434E11ADB181000B15B4B /* DayPickerTableViewController.swift */; };
		80F434E81ADB1D8E00B15B4B /* TransitionManager.swift in Sources */ = {isa = PBXBuildFile; fileRef = 80F434E71ADB1D8E00B15B4B /* TransitionManager.swift */; };
		80F434EA1ADB328100B15B4B /* optionItem.swift in Sources */ = {isa = PBXBuildFile; fileRef = 80F434E91ADB328100B15B4B /* optionItem.swift */; };
		80F434EE1ADB6B6400B15B4B /* WeeklyFreqPickerTableViewController.swift in Sources */ = {isa = PBXBuildFile; fileRef = 80F434ED1ADB6B6400B15B4B /* WeeklyFreqPickerTableViewController.swift */; };
		80F434F21ADB77A900B15B4B /* MonthlyPickerTableViewController.swift in Sources */ = {isa = PBXBuildFile; fileRef = 80F434F11ADB77A900B15B4B /* MonthlyPickerTableViewController.swift */; };
/* End PBXBuildFile section */

/* Begin PBXFileReference section */
		599F2DE21ADAD07A007EF367 /* add1.png */ = {isa = PBXFileReference; lastKnownFileType = image.png; name = add1.png; path = choreBoard/Images.xcassets/add1.imageset/add1.png; sourceTree = "<group>"; };
		599F2DE41ADAD199007EF367 /* add2.png */ = {isa = PBXFileReference; lastKnownFileType = image.png; name = add2.png; path = choreBoard/Images.xcassets/add2.imageset/add2.png; sourceTree = "<group>"; };
		800A39D51AC6023000CA4F59 /* SWRevealViewController.h */ = {isa = PBXFileReference; fileEncoding = 4; lastKnownFileType = sourcecode.c.h; path = SWRevealViewController.h; sourceTree = "<group>"; };
		800A39D61AC6023000CA4F59 /* SWRevealViewController.m */ = {isa = PBXFileReference; fileEncoding = 4; lastKnownFileType = sourcecode.c.objc; path = SWRevealViewController.m; sourceTree = "<group>"; };
		800A39D81AC602C400CA4F59 /* MenuController.swift */ = {isa = PBXFileReference; fileEncoding = 4; lastKnownFileType = sourcecode.swift; name = MenuController.swift; path = choreBoard/MenuController.swift; sourceTree = "<group>"; };
		800D8B231AD9C6D800AD975C /* SupplyViewController.swift */ = {isa = PBXFileReference; fileEncoding = 4; lastKnownFileType = sourcecode.swift; path = SupplyViewController.swift; sourceTree = "<group>"; };
		800D8B251AD9C6E200AD975C /* BillViewController.swift */ = {isa = PBXFileReference; fileEncoding = 4; lastKnownFileType = sourcecode.swift; path = BillViewController.swift; sourceTree = "<group>"; };
		80106FE81AEC1A2D004A7523 /* ChoreDetailTableViewController.swift */ = {isa = PBXFileReference; fileEncoding = 4; lastKnownFileType = sourcecode.swift; path = ChoreDetailTableViewController.swift; sourceTree = "<group>"; };
		801824161AC6492C0009A7DE /* Base */ = {isa = PBXFileReference; lastKnownFileType = file.storyboard; name = Base; path = choreBoard/Base.lproj/Main.storyboard; sourceTree = "<group>"; };
		801824181AC64A320009A7DE /* ChoreViewController.swift */ = {isa = PBXFileReference; fileEncoding = 4; lastKnownFileType = sourcecode.swift; path = ChoreViewController.swift; sourceTree = "<group>"; };
		801EAFE71AE55696005BF7C0 /* PrivacyPolicyViewController.swift */ = {isa = PBXFileReference; fileEncoding = 4; lastKnownFileType = sourcecode.swift; path = PrivacyPolicyViewController.swift; sourceTree = "<group>"; };
		801EAFE91AE56BD2005BF7C0 /* privacy.html */ = {isa = PBXFileReference; fileEncoding = 4; lastKnownFileType = text.html; path = privacy.html; sourceTree = "<group>"; };
		801EAFEB1AE57B62005BF7C0 /* CustomSearchBar.swift */ = {isa = PBXFileReference; fileEncoding = 4; lastKnownFileType = sourcecode.swift; path = CustomSearchBar.swift; sourceTree = "<group>"; };
		802209191AE1B67D00B7A7A5 /* RootViewController.swift */ = {isa = PBXFileReference; fileEncoding = 4; lastKnownFileType = sourcecode.swift; path = RootViewController.swift; sourceTree = "<group>"; };
		8022091B1AE1BD3900B7A7A5 /* MonthlyDayPickerTableViewController.swift */ = {isa = PBXFileReference; fileEncoding = 4; lastKnownFileType = sourcecode.swift; path = MonthlyDayPickerTableViewController.swift; sourceTree = "<group>"; };
		8022091D1AE1BD4A00B7A7A5 /* MonthlyFreqPickerTableViewController.swift */ = {isa = PBXFileReference; fileEncoding = 4; lastKnownFileType = sourcecode.swift; path = MonthlyFreqPickerTableViewController.swift; sourceTree = "<group>"; };
		8037631C1AEC4150003B906B /* DetailScheduleTableViewController.swift */ = {isa = PBXFileReference; fileEncoding = 4; lastKnownFileType = sourcecode.swift; path = DetailScheduleTableViewController.swift; sourceTree = "<group>"; };
		8037631F1AEC416F003B906B /* DetailRepeatTableViewController.swift */ = {isa = PBXFileReference; fileEncoding = 4; lastKnownFileType = sourcecode.swift; path = DetailRepeatTableViewController.swift; sourceTree = "<group>"; };
		803763211AEC417C003B906B /* DetailFrequencyTableViewController.swift */ = {isa = PBXFileReference; fileEncoding = 4; lastKnownFileType = sourcecode.swift; path = DetailFrequencyTableViewController.swift; sourceTree = "<group>"; };
		803763231AEC9E26003B906B /* DetailNavViewController.swift */ = {isa = PBXFileReference; fileEncoding = 4; lastKnownFileType = sourcecode.swift; path = DetailNavViewController.swift; sourceTree = "<group>"; };
		8038EE4D1AF3F55D00E3542C /* GroupsTabBarViewController.swift */ = {isa = PBXFileReference; fileEncoding = 4; lastKnownFileType = sourcecode.swift; path = GroupsTabBarViewController.swift; sourceTree = "<group>"; };
		804E5A7B1AE3247F0004536C /* ParseFacebookUtilsV4.framework */ = {isa = PBXFileReference; lastKnownFileType = wrapper.framework; path = ParseFacebookUtilsV4.framework; sourceTree = "<group>"; };
		8064E54D1AC7381E00863ADA /* ManageGroupsViewController.swift */ = {isa = PBXFileReference; fileEncoding = 4; lastKnownFileType = sourcecode.swift; path = ManageGroupsViewController.swift; sourceTree = "<group>"; };
		80656F541AC5130200C1994C /* createGroupViewController.swift */ = {isa = PBXFileReference; fileEncoding = 4; lastKnownFileType = sourcecode.swift; path = createGroupViewController.swift; sourceTree = "<group>"; };
		807A9B571AEAE13F008AE1E3 /* TransitionManager2.swift */ = {isa = PBXFileReference; fileEncoding = 4; lastKnownFileType = sourcecode.swift; path = TransitionManager2.swift; sourceTree = "<group>"; };
		807A9B591AEAE3CC008AE1E3 /* ChoreDetailNavController.swift */ = {isa = PBXFileReference; fileEncoding = 4; lastKnownFileType = sourcecode.swift; path = ChoreDetailNavController.swift; sourceTree = "<group>"; };
		807FA85C1ABF69C600BB5A8A /* Bolts.framework */ = {isa = PBXFileReference; lastKnownFileType = wrapper.framework; path = Bolts.framework; sourceTree = "<group>"; };
		807FA85D1ABF69C600BB5A8A /* Parse.framework */ = {isa = PBXFileReference; lastKnownFileType = wrapper.framework; path = Parse.framework; sourceTree = "<group>"; };
		807FA85E1ABF69C600BB5A8A /* ParseCrashReporting.framework */ = {isa = PBXFileReference; lastKnownFileType = wrapper.framework; path = ParseCrashReporting.framework; sourceTree = "<group>"; };
		807FA85F1ABF69C600BB5A8A /* ParseFacebookUtils.framework */ = {isa = PBXFileReference; lastKnownFileType = wrapper.framework; path = ParseFacebookUtils.framework; sourceTree = "<group>"; };
		807FA8601ABF69C600BB5A8A /* ParseUI.framework */ = {isa = PBXFileReference; lastKnownFileType = wrapper.framework; path = ParseUI.framework; sourceTree = "<group>"; };
		807FA8661ABF69F300BB5A8A /* AudioToolbox.framework */ = {isa = PBXFileReference; lastKnownFileType = wrapper.framework; name = AudioToolbox.framework; path = System/Library/Frameworks/AudioToolbox.framework; sourceTree = SDKROOT; };
		807FA8681ABF69F800BB5A8A /* CFNetwork.framework */ = {isa = PBXFileReference; lastKnownFileType = wrapper.framework; name = CFNetwork.framework; path = System/Library/Frameworks/CFNetwork.framework; sourceTree = SDKROOT; };
		807FA86A1ABF69FC00BB5A8A /* CoreGraphics.framework */ = {isa = PBXFileReference; lastKnownFileType = wrapper.framework; name = CoreGraphics.framework; path = System/Library/Frameworks/CoreGraphics.framework; sourceTree = SDKROOT; };
		807FA86C1ABF6A0200BB5A8A /* CoreLocation.framework */ = {isa = PBXFileReference; lastKnownFileType = wrapper.framework; name = CoreLocation.framework; path = System/Library/Frameworks/CoreLocation.framework; sourceTree = SDKROOT; };
		807FA86E1ABF6A0700BB5A8A /* MobileCoreServices.framework */ = {isa = PBXFileReference; lastKnownFileType = wrapper.framework; name = MobileCoreServices.framework; path = System/Library/Frameworks/MobileCoreServices.framework; sourceTree = SDKROOT; };
		807FA8701ABF6A0C00BB5A8A /* QuartzCore.framework */ = {isa = PBXFileReference; lastKnownFileType = wrapper.framework; name = QuartzCore.framework; path = System/Library/Frameworks/QuartzCore.framework; sourceTree = SDKROOT; };
		807FA8721ABF6A1100BB5A8A /* Security.framework */ = {isa = PBXFileReference; lastKnownFileType = wrapper.framework; name = Security.framework; path = System/Library/Frameworks/Security.framework; sourceTree = SDKROOT; };
		807FA8761ABF6A1F00BB5A8A /* SystemConfiguration.framework */ = {isa = PBXFileReference; lastKnownFileType = wrapper.framework; name = SystemConfiguration.framework; path = System/Library/Frameworks/SystemConfiguration.framework; sourceTree = SDKROOT; };
		807FA8781ABF6A2700BB5A8A /* libz.dylib */ = {isa = PBXFileReference; lastKnownFileType = "compiled.mach-o.dylib"; name = libz.dylib; path = usr/lib/libz.dylib; sourceTree = SDKROOT; };
		807FA87A1ABF6A2D00BB5A8A /* libsqlite3.dylib */ = {isa = PBXFileReference; lastKnownFileType = "compiled.mach-o.dylib"; name = libsqlite3.dylib; path = usr/lib/libsqlite3.dylib; sourceTree = SDKROOT; };
		807FA87D1ABF6B3C00BB5A8A /* choreBoard-Bridging-Header.h */ = {isa = PBXFileReference; lastKnownFileType = sourcecode.c.h; path = "choreBoard-Bridging-Header.h"; sourceTree = "<group>"; };
		808E36461AF409CE007492D0 /* JoinRequestsTableViewController.swift */ = {isa = PBXFileReference; fileEncoding = 4; lastKnownFileType = sourcecode.swift; path = JoinRequestsTableViewController.swift; sourceTree = "<group>"; };
		808E36481AF40C74007492D0 /* FBUserPointer.swift */ = {isa = PBXFileReference; fileEncoding = 4; lastKnownFileType = sourcecode.swift; path = FBUserPointer.swift; sourceTree = "<group>"; };
		808FD8011AE4C56200FEDC6D /* supplyItem.swift */ = {isa = PBXFileReference; fileEncoding = 4; lastKnownFileType = sourcecode.swift; path = supplyItem.swift; sourceTree = "<group>"; };
		809490261AC36902004C364E /* LoginViewController.swift */ = {isa = PBXFileReference; fileEncoding = 4; lastKnownFileType = sourcecode.swift; name = LoginViewController.swift; path = choreBoard/LoginViewController.swift; sourceTree = "<group>"; };
		809490281AC38093004C364E /* RegisterViewController.swift */ = {isa = PBXFileReference; fileEncoding = 4; lastKnownFileType = sourcecode.swift; name = RegisterViewController.swift; path = choreBoard/RegisterViewController.swift; sourceTree = "<group>"; };
		80AF9BD21ABCE915003829F3 /* PageNavigationController.swift */ = {isa = PBXFileReference; fileEncoding = 4; lastKnownFileType = sourcecode.swift; name = PageNavigationController.swift; path = choreBoard/PageNavigationController.swift; sourceTree = "<group>"; };
		80B7813C1AD97A8600B03AF7 /* DRDynamicSlideShow.h */ = {isa = PBXFileReference; fileEncoding = 4; lastKnownFileType = sourcecode.c.h; path = DRDynamicSlideShow.h; sourceTree = "<group>"; };
		80B7813D1AD97A8600B03AF7 /* DRDynamicSlideShow.m */ = {isa = PBXFileReference; fileEncoding = 4; lastKnownFileType = sourcecode.c.objc; path = DRDynamicSlideShow.m; sourceTree = "<group>"; };
		80B7813F1AD97C1E00B03AF7 /* ChoreFeedViewController.swift */ = {isa = PBXFileReference; fileEncoding = 4; lastKnownFileType = sourcecode.swift; path = ChoreFeedViewController.swift; sourceTree = "<group>"; };
		80C211F71AD37EBE00DD512A /* RoommateTableViewCell.swift */ = {isa = PBXFileReference; fileEncoding = 4; lastKnownFileType = sourcecode.swift; path = RoommateTableViewCell.swift; sourceTree = "<group>"; };
		80C7B1AC1ADC4A03006028C2 /* SWCellScrollView.h */ = {isa = PBXFileReference; fileEncoding = 4; lastKnownFileType = sourcecode.c.h; path = SWCellScrollView.h; sourceTree = "<group>"; };
		80C7B1AD1ADC4A03006028C2 /* SWCellScrollView.m */ = {isa = PBXFileReference; fileEncoding = 4; lastKnownFileType = sourcecode.c.objc; path = SWCellScrollView.m; sourceTree = "<group>"; };
		80C7B1AE1ADC4A03006028C2 /* SWLongPressGestureRecognizer.h */ = {isa = PBXFileReference; fileEncoding = 4; lastKnownFileType = sourcecode.c.h; path = SWLongPressGestureRecognizer.h; sourceTree = "<group>"; };
		80C7B1AF1ADC4A03006028C2 /* SWLongPressGestureRecognizer.m */ = {isa = PBXFileReference; fileEncoding = 4; lastKnownFileType = sourcecode.c.objc; path = SWLongPressGestureRecognizer.m; sourceTree = "<group>"; };
		80C7B1B01ADC4A03006028C2 /* SWTableViewCell.h */ = {isa = PBXFileReference; fileEncoding = 4; lastKnownFileType = sourcecode.c.h; path = SWTableViewCell.h; sourceTree = "<group>"; };
		80C7B1B11ADC4A03006028C2 /* SWTableViewCell.m */ = {isa = PBXFileReference; fileEncoding = 4; lastKnownFileType = sourcecode.c.objc; path = SWTableViewCell.m; sourceTree = "<group>"; };
		80C7B1B21ADC4A03006028C2 /* SWUtilityButtonTapGestureRecognizer.h */ = {isa = PBXFileReference; fileEncoding = 4; lastKnownFileType = sourcecode.c.h; path = SWUtilityButtonTapGestureRecognizer.h; sourceTree = "<group>"; };
		80C7B1B31ADC4A03006028C2 /* SWUtilityButtonTapGestureRecognizer.m */ = {isa = PBXFileReference; fileEncoding = 4; lastKnownFileType = sourcecode.c.objc; path = SWUtilityButtonTapGestureRecognizer.m; sourceTree = "<group>"; };
		80C7B1B41ADC4A03006028C2 /* SWUtilityButtonView.h */ = {isa = PBXFileReference; fileEncoding = 4; lastKnownFileType = sourcecode.c.h; path = SWUtilityButtonView.h; sourceTree = "<group>"; };
		80C7B1B51ADC4A03006028C2 /* SWUtilityButtonView.m */ = {isa = PBXFileReference; fileEncoding = 4; lastKnownFileType = sourcecode.c.objc; path = SWUtilityButtonView.m; sourceTree = "<group>"; };
		80C7C7711AD4E91E009E9736 /* BBBadgeBarButtonItem.h */ = {isa = PBXFileReference; fileEncoding = 4; lastKnownFileType = sourcecode.c.h; path = BBBadgeBarButtonItem.h; sourceTree = "<group>"; };
		80C7C7721AD4E91E009E9736 /* BBBadgeBarButtonItem.m */ = {isa = PBXFileReference; fileEncoding = 4; lastKnownFileType = sourcecode.c.objc; path = BBBadgeBarButtonItem.m; sourceTree = "<group>"; };
		80C7C7741AD58C0A009E9736 /* ChoreBoardBlueNavigationController.swift */ = {isa = PBXFileReference; fileEncoding = 4; lastKnownFileType = sourcecode.swift; path = ChoreBoardBlueNavigationController.swift; sourceTree = "<group>"; };
		80C7C7761AD5C60A009E9736 /* groupNotifications.swift */ = {isa = PBXFileReference; fileEncoding = 4; lastKnownFileType = sourcecode.swift; path = groupNotifications.swift; sourceTree = "<group>"; };
		80CC8D771ADD80B500833CE2 /* NotificationsTableViewController.swift */ = {isa = PBXFileReference; fileEncoding = 4; lastKnownFileType = sourcecode.swift; path = NotificationsTableViewController.swift; sourceTree = "<group>"; };
		80CC8D791ADD80E900833CE2 /* notificationItem.swift */ = {isa = PBXFileReference; fileEncoding = 4; lastKnownFileType = sourcecode.swift; path = notificationItem.swift; sourceTree = "<group>"; };
		80D89BAF1AA768CD00583941 /* choreBoard.app */ = {isa = PBXFileReference; explicitFileType = wrapper.application; includeInIndex = 0; path = choreBoard.app; sourceTree = BUILT_PRODUCTS_DIR; };
		80D89BB31AA768CD00583941 /* Info.plist */ = {isa = PBXFileReference; lastKnownFileType = text.plist.xml; path = Info.plist; sourceTree = "<group>"; };
		80D89BB41AA768CD00583941 /* AppDelegate.swift */ = {isa = PBXFileReference; lastKnownFileType = sourcecode.swift; name = AppDelegate.swift; path = choreBoard/AppDelegate.swift; sourceTree = "<group>"; };
		80D89BBB1AA768CD00583941 /* Images.xcassets */ = {isa = PBXFileReference; lastKnownFileType = folder.assetcatalog; name = Images.xcassets; path = choreBoard/Images.xcassets; sourceTree = "<group>"; };
		80D89BBE1AA768CD00583941 /* Base */ = {isa = PBXFileReference; lastKnownFileType = file.xib; name = Base; path = Base.lproj/LaunchScreen.xib; sourceTree = "<group>"; };
		80D89BC91AA768CD00583941 /* Info.plist */ = {isa = PBXFileReference; lastKnownFileType = text.plist.xml; path = Info.plist; sourceTree = "<group>"; };
		80D89BCA1AA768CD00583941 /* choreBoardTests.swift */ = {isa = PBXFileReference; lastKnownFileType = sourcecode.swift; path = choreBoardTests.swift; sourceTree = "<group>"; };
		80DA7D7C1ACA4AC7001B8999 /* Bolts.framework */ = {isa = PBXFileReference; lastKnownFileType = wrapper.framework; name = Bolts.framework; path = choreBoard/Bolts.framework; sourceTree = "<group>"; };
		80DA7D7D1ACA4AC7001B8999 /* Parse.framework */ = {isa = PBXFileReference; lastKnownFileType = wrapper.framework; name = Parse.framework; path = choreBoard/Parse.framework; sourceTree = "<group>"; };
		80DA7D801ACA4BFA001B8999 /* PushNotificationController.swift */ = {isa = PBXFileReference; fileEncoding = 4; lastKnownFileType = sourcecode.swift; path = PushNotificationController.swift; sourceTree = "<group>"; };
		80DA7D831ACA4FB7001B8999 /* ApiKeys.swift */ = {isa = PBXFileReference; fileEncoding = 4; lastKnownFileType = sourcecode.swift; path = ApiKeys.swift; sourceTree = "<group>"; };
		80DA7D851ACA558D001B8999 /* ApiKeys.plist */ = {isa = PBXFileReference; fileEncoding = 4; lastKnownFileType = text.plist.xml; path = ApiKeys.plist; sourceTree = "<group>"; };
		80DA7D891ACB120F001B8999 /* FindRoommatesTableViewController.swift */ = {isa = PBXFileReference; fileEncoding = 4; lastKnownFileType = sourcecode.swift; path = FindRoommatesTableViewController.swift; sourceTree = "<group>"; };
		80DA7D8B1ACB7916001B8999 /* UserTemp.swift */ = {isa = PBXFileReference; fileEncoding = 4; lastKnownFileType = sourcecode.swift; path = UserTemp.swift; sourceTree = "<group>"; };
		80DA805F1ACCA1B7001B8999 /* FacebookSDK.framework */ = {isa = PBXFileReference; lastKnownFileType = wrapper.framework; name = FacebookSDK.framework; path = FacebookSDK/FacebookSDK.framework; sourceTree = "<group>"; };
		80DA80611ACCA1D8001B8999 /* FBSDKCoreKit.framework */ = {isa = PBXFileReference; lastKnownFileType = wrapper.framework; name = FBSDKCoreKit.framework; path = FacebookSDK/FBSDKCoreKit.framework; sourceTree = "<group>"; };
		80DA80631ACCA1DE001B8999 /* FBSDKLoginKit.framework */ = {isa = PBXFileReference; lastKnownFileType = wrapper.framework; name = FBSDKLoginKit.framework; path = FacebookSDK/FBSDKLoginKit.framework; sourceTree = "<group>"; };
		80DA80651ACCA1E9001B8999 /* FBSDKShareKit.framework */ = {isa = PBXFileReference; lastKnownFileType = wrapper.framework; name = FBSDKShareKit.framework; path = FacebookSDK/FBSDKShareKit.framework; sourceTree = "<group>"; };
		80DA80671AD23DDD001B8999 /* FBUser.swift */ = {isa = PBXFileReference; fileEncoding = 4; lastKnownFileType = sourcecode.swift; path = FBUser.swift; sourceTree = "<group>"; };
		80E2A0A61AB7FA3B008A169D /* ChoreDetailViewController.swift */ = {isa = PBXFileReference; fileEncoding = 4; lastKnownFileType = sourcecode.swift; name = ChoreDetailViewController.swift; path = choreBoard/ChoreDetailViewController.swift; sourceTree = "<group>"; };
		80E2A0AC1AB7FA5A008A169D /* PageItemController.swift */ = {isa = PBXFileReference; fileEncoding = 4; lastKnownFileType = sourcecode.swift; name = PageItemController.swift; path = choreBoard/PageItemController.swift; sourceTree = "<group>"; };
		80E2A0AE1AB800EF008A169D /* choreItem.swift */ = {isa = PBXFileReference; fileEncoding = 4; lastKnownFileType = sourcecode.swift; name = choreItem.swift; path = choreBoard/choreItem.swift; sourceTree = "<group>"; };
		80E2A0B01AB8010F008A169D /* StrikeThroughText.swift */ = {isa = PBXFileReference; fileEncoding = 4; lastKnownFileType = sourcecode.swift; path = StrikeThroughText.swift; sourceTree = "<group>"; };
		80E2A0B21AB801DA008A169D /* TableViewCell.swift */ = {isa = PBXFileReference; fileEncoding = 4; lastKnownFileType = sourcecode.swift; path = TableViewCell.swift; sourceTree = "<group>"; };
		80E655571AE49CAD0033997D /* ChoreTEMPViewController.swift */ = {isa = PBXFileReference; fileEncoding = 4; lastKnownFileType = sourcecode.swift; path = ChoreTEMPViewController.swift; sourceTree = "<group>"; };
		80EECF791AE4E47500F78CCE /* groupItem.swift */ = {isa = PBXFileReference; fileEncoding = 4; lastKnownFileType = sourcecode.swift; path = groupItem.swift; sourceTree = "<group>"; };
		80EECF7B1AE4E9DA00F78CCE /* ChoreFeedCell.swift */ = {isa = PBXFileReference; fileEncoding = 4; lastKnownFileType = sourcecode.swift; path = ChoreFeedCell.swift; sourceTree = "<group>"; };
		80F434DF1ADB097B00B15B4B /* WeeklyPickerTableViewController.swift */ = {isa = PBXFileReference; fileEncoding = 4; lastKnownFileType = sourcecode.swift; path = WeeklyPickerTableViewController.swift; sourceTree = "<group>"; };
		80F434E11ADB181000B15B4B /* DayPickerTableViewController.swift */ = {isa = PBXFileReference; fileEncoding = 4; lastKnownFileType = sourcecode.swift; path = DayPickerTableViewController.swift; sourceTree = "<group>"; };
		80F434E71ADB1D8E00B15B4B /* TransitionManager.swift */ = {isa = PBXFileReference; fileEncoding = 4; lastKnownFileType = sourcecode.swift; path = TransitionManager.swift; sourceTree = "<group>"; };
		80F434E91ADB328100B15B4B /* optionItem.swift */ = {isa = PBXFileReference; fileEncoding = 4; lastKnownFileType = sourcecode.swift; path = optionItem.swift; sourceTree = "<group>"; };
		80F434ED1ADB6B6400B15B4B /* WeeklyFreqPickerTableViewController.swift */ = {isa = PBXFileReference; fileEncoding = 4; lastKnownFileType = sourcecode.swift; path = WeeklyFreqPickerTableViewController.swift; sourceTree = "<group>"; };
		80F434F11ADB77A900B15B4B /* MonthlyPickerTableViewController.swift */ = {isa = PBXFileReference; fileEncoding = 4; lastKnownFileType = sourcecode.swift; path = MonthlyPickerTableViewController.swift; sourceTree = "<group>"; };
/* End PBXFileReference section */

/* Begin PBXFrameworksBuildPhase section */
		80D89BAC1AA768CD00583941 /* Frameworks */ = {
			isa = PBXFrameworksBuildPhase;
			buildActionMask = 2147483647;
			files = (
				807FA8641ABF69C700BB5A8A /* ParseFacebookUtils.framework in Frameworks */,
				804E5A7C1AE3247F0004536C /* ParseFacebookUtilsV4.framework in Frameworks */,
				807FA8611ABF69C600BB5A8A /* Bolts.framework in Frameworks */,
				807FA8621ABF69C700BB5A8A /* Parse.framework in Frameworks */,
				807FA8631ABF69C700BB5A8A /* ParseCrashReporting.framework in Frameworks */,
				807FA8651ABF69C700BB5A8A /* ParseUI.framework in Frameworks */,
				80DA80661ACCA1E9001B8999 /* FBSDKShareKit.framework in Frameworks */,
				80DA80641ACCA1DE001B8999 /* FBSDKLoginKit.framework in Frameworks */,
				80DA80621ACCA1D8001B8999 /* FBSDKCoreKit.framework in Frameworks */,
				80DA80601ACCA1B7001B8999 /* FacebookSDK.framework in Frameworks */,
				807FA87B1ABF6A2D00BB5A8A /* libsqlite3.dylib in Frameworks */,
				807FA8791ABF6A2700BB5A8A /* libz.dylib in Frameworks */,
				807FA8771ABF6A1F00BB5A8A /* SystemConfiguration.framework in Frameworks */,
				807FA8731ABF6A1100BB5A8A /* Security.framework in Frameworks */,
				807FA8711ABF6A0C00BB5A8A /* QuartzCore.framework in Frameworks */,
				807FA86F1ABF6A0700BB5A8A /* MobileCoreServices.framework in Frameworks */,
				807FA86D1ABF6A0200BB5A8A /* CoreLocation.framework in Frameworks */,
				807FA86B1ABF69FC00BB5A8A /* CoreGraphics.framework in Frameworks */,
				807FA8691ABF69F800BB5A8A /* CFNetwork.framework in Frameworks */,
				807FA8671ABF69F300BB5A8A /* AudioToolbox.framework in Frameworks */,
			);
			runOnlyForDeploymentPostprocessing = 0;
		};
/* End PBXFrameworksBuildPhase section */

/* Begin PBXGroup section */
		800A39D41AC6020000CA4F59 /* SWRevealViewController */ = {
			isa = PBXGroup;
			children = (
				800A39D51AC6023000CA4F59 /* SWRevealViewController.h */,
				800A39D61AC6023000CA4F59 /* SWRevealViewController.m */,
			);
			name = SWRevealViewController;
			sourceTree = "<group>";
		};
		800D8B1F1AD9C63B00AD975C /* addSupply */ = {
			isa = PBXGroup;
			children = (
				800D8B231AD9C6D800AD975C /* SupplyViewController.swift */,
			);
			name = addSupply;
			sourceTree = "<group>";
		};
		800D8B201AD9C65200AD975C /* addBill */ = {
			isa = PBXGroup;
			children = (
				800D8B251AD9C6E200AD975C /* BillViewController.swift */,
			);
			name = addBill;
			sourceTree = "<group>";
		};
		800D8B211AD9C67000AD975C /* itemClasses */ = {
			isa = PBXGroup;
			children = (
				80DA7D8B1ACB7916001B8999 /* UserTemp.swift */,
				80E2A0AE1AB800EF008A169D /* choreItem.swift */,
				808FD8011AE4C56200FEDC6D /* supplyItem.swift */,
				80EECF791AE4E47500F78CCE /* groupItem.swift */,
				80DA80671AD23DDD001B8999 /* FBUser.swift */,
				808E36481AF40C74007492D0 /* FBUserPointer.swift */,
				80F434E91ADB328100B15B4B /* optionItem.swift */,
				80CC8D791ADD80E900833CE2 /* notificationItem.swift */,
			);
			name = itemClasses;
			sourceTree = "<group>";
		};
		800D8B221AD9C68800AD975C /* OLD */ = {
			isa = PBXGroup;
			children = (
				80AF9BD21ABCE915003829F3 /* PageNavigationController.swift */,
				80E2A0AC1AB7FA5A008A169D /* PageItemController.swift */,
				80E2A0B41AB801E5008A169D /* Chore List */,
			);
			name = OLD;
			sourceTree = "<group>";
		};
		802A3B7D1AD8C96A0071B955 /* addChore */ = {
			isa = PBXGroup;
			children = (
				801824181AC64A320009A7DE /* ChoreViewController.swift */,
				80E655571AE49CAD0033997D /* ChoreTEMPViewController.swift */,
				80F434EF1ADB6B8200B15B4B /* Weekly */,
				80F434F01ADB779300B15B4B /* Monthly */,
			);
			name = addChore;
			sourceTree = "<group>";
		};
		8037631B1AEC411D003B906B /* Detail Controller */ = {
			isa = PBXGroup;
			children = (
				80106FE81AEC1A2D004A7523 /* ChoreDetailTableViewController.swift */,
				807A9B591AEAE3CC008AE1E3 /* ChoreDetailNavController.swift */,
				8037631E1AEC4154003B906B /* Pickers */,
			);
			name = "Detail Controller";
			sourceTree = "<group>";
		};
		8037631E1AEC4154003B906B /* Pickers */ = {
			isa = PBXGroup;
			children = (
				803763231AEC9E26003B906B /* DetailNavViewController.swift */,
				8037631C1AEC4150003B906B /* DetailScheduleTableViewController.swift */,
				8037631F1AEC416F003B906B /* DetailRepeatTableViewController.swift */,
				803763211AEC417C003B906B /* DetailFrequencyTableViewController.swift */,
			);
			name = Pickers;
			sourceTree = "<group>";
		};
		807FA85B1ABF69B100BB5A8A /* Frameworks */ = {
			isa = PBXGroup;
			children = (
				804E5A7B1AE3247F0004536C /* ParseFacebookUtilsV4.framework */,
				80DA80651ACCA1E9001B8999 /* FBSDKShareKit.framework */,
				80DA80631ACCA1DE001B8999 /* FBSDKLoginKit.framework */,
				80DA80611ACCA1D8001B8999 /* FBSDKCoreKit.framework */,
				80DA805F1ACCA1B7001B8999 /* FacebookSDK.framework */,
				80DA7D7C1ACA4AC7001B8999 /* Bolts.framework */,
				80DA7D7D1ACA4AC7001B8999 /* Parse.framework */,
				807FA8661ABF69F300BB5A8A /* AudioToolbox.framework */,
				807FA8761ABF6A1F00BB5A8A /* SystemConfiguration.framework */,
				807FA8721ABF6A1100BB5A8A /* Security.framework */,
				807FA8701ABF6A0C00BB5A8A /* QuartzCore.framework */,
				807FA86E1ABF6A0700BB5A8A /* MobileCoreServices.framework */,
				807FA86C1ABF6A0200BB5A8A /* CoreLocation.framework */,
				807FA86A1ABF69FC00BB5A8A /* CoreGraphics.framework */,
				807FA8681ABF69F800BB5A8A /* CFNetwork.framework */,
				807FA87A1ABF6A2D00BB5A8A /* libsqlite3.dylib */,
				807FA8781ABF6A2700BB5A8A /* libz.dylib */,
				807FA87C1ABF6A3100BB5A8A /* Parse */,
			);
			name = Frameworks;
			sourceTree = "<group>";
		};
		807FA87C1ABF6A3100BB5A8A /* Parse */ = {
			isa = PBXGroup;
			children = (
				807FA85C1ABF69C600BB5A8A /* Bolts.framework */,
				807FA85D1ABF69C600BB5A8A /* Parse.framework */,
				807FA85E1ABF69C600BB5A8A /* ParseCrashReporting.framework */,
				807FA85F1ABF69C600BB5A8A /* ParseFacebookUtils.framework */,
				807FA8601ABF69C600BB5A8A /* ParseUI.framework */,
			);
			name = Parse;
			sourceTree = "<group>";
		};
		80B7813B1AD97A7600B03AF7 /* DRDynamicSlideShow */ = {
			isa = PBXGroup;
			children = (
				80B7813C1AD97A8600B03AF7 /* DRDynamicSlideShow.h */,
				80B7813D1AD97A8600B03AF7 /* DRDynamicSlideShow.m */,
			);
			name = DRDynamicSlideShow;
			sourceTree = "<group>";
		};
		80C7B1AB1ADC49E6006028C2 /* SWTableViewCell */ = {
			isa = PBXGroup;
			children = (
				80C7B1AC1ADC4A03006028C2 /* SWCellScrollView.h */,
				80C7B1AD1ADC4A03006028C2 /* SWCellScrollView.m */,
				80C7B1AE1ADC4A03006028C2 /* SWLongPressGestureRecognizer.h */,
				80C7B1AF1ADC4A03006028C2 /* SWLongPressGestureRecognizer.m */,
				80C7B1B01ADC4A03006028C2 /* SWTableViewCell.h */,
				80C7B1B11ADC4A03006028C2 /* SWTableViewCell.m */,
				80C7B1B21ADC4A03006028C2 /* SWUtilityButtonTapGestureRecognizer.h */,
				80C7B1B31ADC4A03006028C2 /* SWUtilityButtonTapGestureRecognizer.m */,
				80C7B1B41ADC4A03006028C2 /* SWUtilityButtonView.h */,
				80C7B1B51ADC4A03006028C2 /* SWUtilityButtonView.m */,
			);
			name = SWTableViewCell;
			sourceTree = "<group>";
		};
		80C7C7701AD4E8FB009E9736 /* BBBadgeBarButtonItem */ = {
			isa = PBXGroup;
			children = (
				80C7C7711AD4E91E009E9736 /* BBBadgeBarButtonItem.h */,
				80C7C7721AD4E91E009E9736 /* BBBadgeBarButtonItem.m */,
			);
			name = BBBadgeBarButtonItem;
			sourceTree = "<group>";
		};
		80D89BA61AA768CD00583941 = {
			isa = PBXGroup;
			children = (
				80DA7D851ACA558D001B8999 /* ApiKeys.plist */,
				80DA7D831ACA4FB7001B8999 /* ApiKeys.swift */,
				80D89BB41AA768CD00583941 /* AppDelegate.swift */,
				80DA7D801ACA4BFA001B8999 /* PushNotificationController.swift */,
				80F434E71ADB1D8E00B15B4B /* TransitionManager.swift */,
				807A9B571AEAE13F008AE1E3 /* TransitionManager2.swift */,
				80C7B1AB1ADC49E6006028C2 /* SWTableViewCell */,
				80B7813B1AD97A7600B03AF7 /* DRDynamicSlideShow */,
				800A39D41AC6020000CA4F59 /* SWRevealViewController */,
				80C7C7701AD4E8FB009E9736 /* BBBadgeBarButtonItem */,
				801824151AC6492C0009A7DE /* Main.storyboard */,
				801EAFE91AE56BD2005BF7C0 /* privacy.html */,
				801EAFE71AE55696005BF7C0 /* PrivacyPolicyViewController.swift */,
				80EECF7B1AE4E9DA00F78CCE /* ChoreFeedCell.swift */,
				802209191AE1B67D00B7A7A5 /* RootViewController.swift */,
				800A39D81AC602C400CA4F59 /* MenuController.swift */,
				80B7813F1AD97C1E00B03AF7 /* ChoreFeedViewController.swift */,
				8037631B1AEC411D003B906B /* Detail Controller */,
				80E2A0A61AB7FA3B008A169D /* ChoreDetailViewController.swift */,
				80C7C7741AD58C0A009E9736 /* ChoreBoardBlueNavigationController.swift */,
				80CC8D771ADD80B500833CE2 /* NotificationsTableViewController.swift */,
				801EAFEB1AE57B62005BF7C0 /* CustomSearchBar.swift */,
				802A3B7D1AD8C96A0071B955 /* addChore */,
				800D8B1F1AD9C63B00AD975C /* addSupply */,
				800D8B201AD9C65200AD975C /* addBill */,
				80C7C7761AD5C60A009E9736 /* groupNotifications.swift */,
				8038EE4D1AF3F55D00E3542C /* GroupsTabBarViewController.swift */,
				80DA7D891ACB120F001B8999 /* FindRoommatesTableViewController.swift */,
				808E36461AF409CE007492D0 /* JoinRequestsTableViewController.swift */,
				8064E54D1AC7381E00863ADA /* ManageGroupsViewController.swift */,
				80656F541AC5130200C1994C /* createGroupViewController.swift */,
				80C211F71AD37EBE00DD512A /* RoommateTableViewCell.swift */,
				800D8B211AD9C67000AD975C /* itemClasses */,
				809490261AC36902004C364E /* LoginViewController.swift */,
				809490281AC38093004C364E /* RegisterViewController.swift */,
				800D8B221AD9C68800AD975C /* OLD */,
				807FA85B1ABF69B100BB5A8A /* Frameworks */,
				80D89BBB1AA768CD00583941 /* Images.xcassets */,
				599F2DE41ADAD199007EF367 /* add2.png */,
				599F2DE21ADAD07A007EF367 /* add1.png */,
				80D89BBD1AA768CD00583941 /* LaunchScreen.xib */,
				80D89BB21AA768CD00583941 /* Supporting Files */,
				80D89BC71AA768CD00583941 /* choreBoardTests */,
				80D89BB01AA768CD00583941 /* Products */,
				807FA87D1ABF6B3C00BB5A8A /* choreBoard-Bridging-Header.h */,
			);
			sourceTree = "<group>";
		};
		80D89BB01AA768CD00583941 /* Products */ = {
			isa = PBXGroup;
			children = (
				80D89BAF1AA768CD00583941 /* choreBoard.app */,
			);
			name = Products;
			sourceTree = "<group>";
		};
		80D89BB21AA768CD00583941 /* Supporting Files */ = {
			isa = PBXGroup;
			children = (
				80D89BB31AA768CD00583941 /* Info.plist */,
			);
			name = "Supporting Files";
			path = choreBoard;
			sourceTree = "<group>";
		};
		80D89BC71AA768CD00583941 /* choreBoardTests */ = {
			isa = PBXGroup;
			children = (
				80D89BCA1AA768CD00583941 /* choreBoardTests.swift */,
				80D89BC81AA768CD00583941 /* Supporting Files */,
			);
			path = choreBoardTests;
			sourceTree = "<group>";
		};
		80D89BC81AA768CD00583941 /* Supporting Files */ = {
			isa = PBXGroup;
			children = (
				80D89BC91AA768CD00583941 /* Info.plist */,
			);
			name = "Supporting Files";
			sourceTree = "<group>";
		};
		80E2A0B41AB801E5008A169D /* Chore List */ = {
			isa = PBXGroup;
			children = (
				80E2A0B21AB801DA008A169D /* TableViewCell.swift */,
				80E2A0B01AB8010F008A169D /* StrikeThroughText.swift */,
			);
			name = "Chore List";
			path = choreBoard;
			sourceTree = "<group>";
		};
		80F434EF1ADB6B8200B15B4B /* Weekly */ = {
			isa = PBXGroup;
			children = (
				80F434DF1ADB097B00B15B4B /* WeeklyPickerTableViewController.swift */,
				80F434E11ADB181000B15B4B /* DayPickerTableViewController.swift */,
				80F434ED1ADB6B6400B15B4B /* WeeklyFreqPickerTableViewController.swift */,
			);
			name = Weekly;
			sourceTree = "<group>";
		};
		80F434F01ADB779300B15B4B /* Monthly */ = {
			isa = PBXGroup;
			children = (
				80F434F11ADB77A900B15B4B /* MonthlyPickerTableViewController.swift */,
				8022091B1AE1BD3900B7A7A5 /* MonthlyDayPickerTableViewController.swift */,
				8022091D1AE1BD4A00B7A7A5 /* MonthlyFreqPickerTableViewController.swift */,
			);
			name = Monthly;
			sourceTree = "<group>";
		};
/* End PBXGroup section */

/* Begin PBXNativeTarget section */
		80D89BAE1AA768CD00583941 /* choreBoard */ = {
			isa = PBXNativeTarget;
			buildConfigurationList = 80D89BCE1AA768CD00583941 /* Build configuration list for PBXNativeTarget "choreBoard" */;
			buildPhases = (
				80D89BAB1AA768CD00583941 /* Sources */,
				80D89BAC1AA768CD00583941 /* Frameworks */,
				80D89BAD1AA768CD00583941 /* Resources */,
			);
			buildRules = (
			);
			dependencies = (
			);
			name = choreBoard;
			productName = choreBoardSwipe;
			productReference = 80D89BAF1AA768CD00583941 /* choreBoard.app */;
			productType = "com.apple.product-type.application";
		};
/* End PBXNativeTarget section */

/* Begin PBXProject section */
		80D89BA71AA768CD00583941 /* Project object */ = {
			isa = PBXProject;
			attributes = {
				LastUpgradeCheck = 0610;
				ORGANIZATIONNAME = "Erin Bleiweiss";
				TargetAttributes = {
					80D89BAE1AA768CD00583941 = {
						CreatedOnToolsVersion = 6.1.1;
						DevelopmentTeam = K4SGE5A3WA;
						SystemCapabilities = {
							com.apple.BackgroundModes = {
								enabled = 1;
							};
							com.apple.InAppPurchase = {
								enabled = 0;
							};
						};
					};
				};
			};
			buildConfigurationList = 80D89BAA1AA768CD00583941 /* Build configuration list for PBXProject "choreBoard" */;
			compatibilityVersion = "Xcode 3.2";
			developmentRegion = English;
			hasScannedForEncodings = 0;
			knownRegions = (
				en,
				Base,
			);
			mainGroup = 80D89BA61AA768CD00583941;
			productRefGroup = 80D89BB01AA768CD00583941 /* Products */;
			projectDirPath = "";
			projectRoot = "";
			targets = (
				80D89BAE1AA768CD00583941 /* choreBoard */,
			);
		};
/* End PBXProject section */

/* Begin PBXResourcesBuildPhase section */
		80D89BAD1AA768CD00583941 /* Resources */ = {
			isa = PBXResourcesBuildPhase;
			buildActionMask = 2147483647;
			files = (
				801824171AC6492C0009A7DE /* Main.storyboard in Resources */,
				80DA7D861ACA558D001B8999 /* ApiKeys.plist in Resources */,
				599F2DE51ADAD199007EF367 /* add2.png in Resources */,
				80D89BBF1AA768CD00583941 /* LaunchScreen.xib in Resources */,
				801EAFEA1AE56BD2005BF7C0 /* privacy.html in Resources */,
				80D89BBC1AA768CD00583941 /* Images.xcassets in Resources */,
				599F2DE31ADAD07A007EF367 /* add1.png in Resources */,
			);
			runOnlyForDeploymentPostprocessing = 0;
		};
/* End PBXResourcesBuildPhase section */

/* Begin PBXSourcesBuildPhase section */
		80D89BAB1AA768CD00583941 /* Sources */ = {
			isa = PBXSourcesBuildPhase;
			buildActionMask = 2147483647;
			files = (
				80B781401AD97C1E00B03AF7 /* ChoreFeedViewController.swift in Sources */,
				808E36471AF409CE007492D0 /* JoinRequestsTableViewController.swift in Sources */,
				80E655581AE49CAD0033997D /* ChoreTEMPViewController.swift in Sources */,
				80DA80681AD23DDD001B8999 /* FBUser.swift in Sources */,
				80EECF7C1AE4E9DA00F78CCE /* ChoreFeedCell.swift in Sources */,
				80B7813E1AD97A8600B03AF7 /* DRDynamicSlideShow.m in Sources */,
				800D8B241AD9C6D800AD975C /* SupplyViewController.swift in Sources */,
				809490271AC36902004C364E /* LoginViewController.swift in Sources */,
				803763241AEC9E26003B906B /* DetailNavViewController.swift in Sources */,
				807A9B581AEAE13F008AE1E3 /* TransitionManager2.swift in Sources */,
				80C7C7751AD58C0A009E9736 /* ChoreBoardBlueNavigationController.swift in Sources */,
				803763221AEC417C003B906B /* DetailFrequencyTableViewController.swift in Sources */,
				80F434E81ADB1D8E00B15B4B /* TransitionManager.swift in Sources */,
				80F434EA1ADB328100B15B4B /* optionItem.swift in Sources */,
				80C7B1B71ADC4A03006028C2 /* SWLongPressGestureRecognizer.m in Sources */,
				80F434EE1ADB6B6400B15B4B /* WeeklyFreqPickerTableViewController.swift in Sources */,
				80E2A0A91AB7FA3B008A169D /* ChoreDetailViewController.swift in Sources */,
				8022091A1AE1B67D00B7A7A5 /* RootViewController.swift in Sources */,
				80E2A0AF1AB800EF008A169D /* choreItem.swift in Sources */,
				80E2A0B11AB8010F008A169D /* StrikeThroughText.swift in Sources */,
				80E2A0B31AB801DA008A169D /* TableViewCell.swift in Sources */,
				8038EE4E1AF3F55E00E3542C /* GroupsTabBarViewController.swift in Sources */,
				808E36491AF40C74007492D0 /* FBUserPointer.swift in Sources */,
				80DA7D811ACA4BFA001B8999 /* PushNotificationController.swift in Sources */,
				80F434F21ADB77A900B15B4B /* MonthlyPickerTableViewController.swift in Sources */,
				809490291AC38093004C364E /* RegisterViewController.swift in Sources */,
				80E2A0AD1AB7FA5A008A169D /* PageItemController.swift in Sources */,
				800A39D91AC602C400CA4F59 /* MenuController.swift in Sources */,
				80DA7D8A1ACB120F001B8999 /* FindRoommatesTableViewController.swift in Sources */,
				80C7C7771AD5C60A009E9736 /* groupNotifications.swift in Sources */,
				808FD8021AE4C56200FEDC6D /* supplyItem.swift in Sources */,
				80656F551AC5130200C1994C /* createGroupViewController.swift in Sources */,
				80EECF7A1AE4E47500F78CCE /* groupItem.swift in Sources */,
				801EAFE81AE55696005BF7C0 /* PrivacyPolicyViewController.swift in Sources */,
				800A39D71AC6023000CA4F59 /* SWRevealViewController.m in Sources */,
				80106FE91AEC1A2D004A7523 /* ChoreDetailTableViewController.swift in Sources */,
				800D8B261AD9C6E200AD975C /* BillViewController.swift in Sources */,
				80DA7D841ACA4FB7001B8999 /* ApiKeys.swift in Sources */,
				80C7C7731AD4E91E009E9736 /* BBBadgeBarButtonItem.m in Sources */,
				80F434E21ADB181000B15B4B /* DayPickerTableViewController.swift in Sources */,
				801824191AC64A320009A7DE /* ChoreViewController.swift in Sources */,
				8037631D1AEC4150003B906B /* DetailScheduleTableViewController.swift in Sources */,
				80D89BB51AA768CD00583941 /* AppDelegate.swift in Sources */,
				801EAFEC1AE57B62005BF7C0 /* CustomSearchBar.swift in Sources */,
				80C7B1B81ADC4A03006028C2 /* SWTableViewCell.m in Sources */,
				80C7B1B91ADC4A03006028C2 /* SWUtilityButtonTapGestureRecognizer.m in Sources */,
				803763201AEC416F003B906B /* DetailRepeatTableViewController.swift in Sources */,
				80CC8D7A1ADD80E900833CE2 /* notificationItem.swift in Sources */,
				80DA7D8C1ACB7916001B8999 /* UserTemp.swift in Sources */,
				8022091C1AE1BD3900B7A7A5 /* MonthlyDayPickerTableViewController.swift in Sources */,
				80CC8D781ADD80B500833CE2 /* NotificationsTableViewController.swift in Sources */,
				8022091E1AE1BD4A00B7A7A5 /* MonthlyFreqPickerTableViewController.swift in Sources */,
				80C211F81AD37EBE00DD512A /* RoommateTableViewCell.swift in Sources */,
				80C7B1BA1ADC4A03006028C2 /* SWUtilityButtonView.m in Sources */,
				807A9B5A1AEAE3CC008AE1E3 /* ChoreDetailNavController.swift in Sources */,
				8064E54E1AC7381E00863ADA /* ManageGroupsViewController.swift in Sources */,
				80F434E01ADB097B00B15B4B /* WeeklyPickerTableViewController.swift in Sources */,
				80AF9BD31ABCE915003829F3 /* PageNavigationController.swift in Sources */,
				80C7B1B61ADC4A03006028C2 /* SWCellScrollView.m in Sources */,
			);
			runOnlyForDeploymentPostprocessing = 0;
		};
/* End PBXSourcesBuildPhase section */

/* Begin PBXVariantGroup section */
		801824151AC6492C0009A7DE /* Main.storyboard */ = {
			isa = PBXVariantGroup;
			children = (
				801824161AC6492C0009A7DE /* Base */,
			);
			name = Main.storyboard;
			sourceTree = "<group>";
		};
		80D89BBD1AA768CD00583941 /* LaunchScreen.xib */ = {
			isa = PBXVariantGroup;
			children = (
				80D89BBE1AA768CD00583941 /* Base */,
			);
			name = LaunchScreen.xib;
			path = choreBoard;
			sourceTree = "<group>";
		};
/* End PBXVariantGroup section */

/* Begin XCBuildConfiguration section */
		80D89BCC1AA768CD00583941 /* Debug */ = {
			isa = XCBuildConfiguration;
			buildSettings = {
				ALWAYS_SEARCH_USER_PATHS = NO;
				CLANG_CXX_LANGUAGE_STANDARD = "gnu++0x";
				CLANG_CXX_LIBRARY = "libc++";
				CLANG_ENABLE_MODULES = YES;
				CLANG_ENABLE_OBJC_ARC = YES;
				CLANG_WARN_BOOL_CONVERSION = YES;
				CLANG_WARN_CONSTANT_CONVERSION = YES;
				CLANG_WARN_DIRECT_OBJC_ISA_USAGE = YES_ERROR;
				CLANG_WARN_EMPTY_BODY = YES;
				CLANG_WARN_ENUM_CONVERSION = YES;
				CLANG_WARN_INT_CONVERSION = YES;
				CLANG_WARN_OBJC_ROOT_CLASS = YES_ERROR;
				CLANG_WARN_UNREACHABLE_CODE = YES;
				CLANG_WARN__DUPLICATE_METHOD_MATCH = YES;
				"CODE_SIGN_IDENTITY[sdk=iphoneos*]" = "iPhone Developer";
				COPY_PHASE_STRIP = NO;
				ENABLE_STRICT_OBJC_MSGSEND = YES;
				GCC_C_LANGUAGE_STANDARD = gnu99;
				GCC_DYNAMIC_NO_PIC = NO;
				GCC_OPTIMIZATION_LEVEL = 0;
				GCC_PREPROCESSOR_DEFINITIONS = (
					"DEBUG=1",
					"$(inherited)",
				);
				GCC_SYMBOLS_PRIVATE_EXTERN = NO;
				GCC_WARN_64_TO_32_BIT_CONVERSION = YES;
				GCC_WARN_ABOUT_RETURN_TYPE = YES_ERROR;
				GCC_WARN_UNDECLARED_SELECTOR = YES;
				GCC_WARN_UNINITIALIZED_AUTOS = YES_AGGRESSIVE;
				GCC_WARN_UNUSED_FUNCTION = YES;
				GCC_WARN_UNUSED_VARIABLE = YES;
				IPHONEOS_DEPLOYMENT_TARGET = 8.1;
				MTL_ENABLE_DEBUG_INFO = YES;
				ONLY_ACTIVE_ARCH = YES;
				SDKROOT = iphoneos;
				SWIFT_OPTIMIZATION_LEVEL = "-Onone";
				TARGETED_DEVICE_FAMILY = "1,2";
			};
			name = Debug;
		};
		80D89BCD1AA768CD00583941 /* Release */ = {
			isa = XCBuildConfiguration;
			buildSettings = {
				ALWAYS_SEARCH_USER_PATHS = NO;
				CLANG_CXX_LANGUAGE_STANDARD = "gnu++0x";
				CLANG_CXX_LIBRARY = "libc++";
				CLANG_ENABLE_MODULES = YES;
				CLANG_ENABLE_OBJC_ARC = YES;
				CLANG_WARN_BOOL_CONVERSION = YES;
				CLANG_WARN_CONSTANT_CONVERSION = YES;
				CLANG_WARN_DIRECT_OBJC_ISA_USAGE = YES_ERROR;
				CLANG_WARN_EMPTY_BODY = YES;
				CLANG_WARN_ENUM_CONVERSION = YES;
				CLANG_WARN_INT_CONVERSION = YES;
				CLANG_WARN_OBJC_ROOT_CLASS = YES_ERROR;
				CLANG_WARN_UNREACHABLE_CODE = YES;
				CLANG_WARN__DUPLICATE_METHOD_MATCH = YES;
				"CODE_SIGN_IDENTITY[sdk=iphoneos*]" = "iPhone Developer";
				COPY_PHASE_STRIP = YES;
				ENABLE_NS_ASSERTIONS = NO;
				ENABLE_STRICT_OBJC_MSGSEND = YES;
				GCC_C_LANGUAGE_STANDARD = gnu99;
				GCC_WARN_64_TO_32_BIT_CONVERSION = YES;
				GCC_WARN_ABOUT_RETURN_TYPE = YES_ERROR;
				GCC_WARN_UNDECLARED_SELECTOR = YES;
				GCC_WARN_UNINITIALIZED_AUTOS = YES_AGGRESSIVE;
				GCC_WARN_UNUSED_FUNCTION = YES;
				GCC_WARN_UNUSED_VARIABLE = YES;
				IPHONEOS_DEPLOYMENT_TARGET = 8.1;
				MTL_ENABLE_DEBUG_INFO = NO;
				SDKROOT = iphoneos;
				TARGETED_DEVICE_FAMILY = "1,2";
				VALIDATE_PRODUCT = YES;
			};
			name = Release;
		};
		80D89BCF1AA768CD00583941 /* Debug */ = {
			isa = XCBuildConfiguration;
			buildSettings = {
				ALWAYS_SEARCH_USER_PATHS = YES;
				ASSETCATALOG_COMPILER_APPICON_NAME = AppIcon;
				CLANG_ENABLE_MODULES = YES;
				CODE_SIGN_IDENTITY = "iPhone Developer: Erin Bleiweiss (AAJ2EUUVM2)";
				"CODE_SIGN_IDENTITY[sdk=iphoneos*]" = "iPhone Developer";
				FRAMEWORK_SEARCH_PATHS = (
					"$(inherited)",
					"$(PROJECT_DIR)",
					"$(PROJECT_DIR)/choreBoard",
					/Users/erin/Documents/FacebookSDK,
					"./**",
					"$(PROJECT_DIR)/FacebookSDK",
				);
				GCC_PREFIX_HEADER = "";
				INFOPLIST_FILE = choreBoard/Info.plist;
				LD_RUNPATH_SEARCH_PATHS = "$(inherited) @executable_path/Frameworks";
				PRODUCT_NAME = choreBoard;
				PROVISIONING_PROFILE = "f2c3583f-f188-4e11-98ac-91d40d8cb6e0";
				SWIFT_OBJC_BRIDGING_HEADER = "$(SRCROOT)/choreBoard-Bridging-Header.h";
				SWIFT_OPTIMIZATION_LEVEL = "-Onone";
			};
			name = Debug;
		};
		80D89BD01AA768CD00583941 /* Release */ = {
			isa = XCBuildConfiguration;
			buildSettings = {
				ALWAYS_SEARCH_USER_PATHS = YES;
				ASSETCATALOG_COMPILER_APPICON_NAME = AppIcon;
				CLANG_ENABLE_MODULES = YES;
				CODE_SIGN_IDENTITY = "iPhone Developer: Erin Bleiweiss (AAJ2EUUVM2)";
				"CODE_SIGN_IDENTITY[sdk=iphoneos*]" = "iPhone Developer";
				FRAMEWORK_SEARCH_PATHS = (
					"$(inherited)",
					"$(PROJECT_DIR)",
					"$(PROJECT_DIR)/choreBoard",
					/Users/erin/Documents/FacebookSDK,
					"./**",
					"$(PROJECT_DIR)/FacebookSDK",
				);
				GCC_PREFIX_HEADER = "";
				INFOPLIST_FILE = choreBoard/Info.plist;
				LD_RUNPATH_SEARCH_PATHS = "$(inherited) @executable_path/Frameworks";
				PRODUCT_NAME = choreBoard;
				PROVISIONING_PROFILE = "f2c3583f-f188-4e11-98ac-91d40d8cb6e0";
				SWIFT_OBJC_BRIDGING_HEADER = "$(SRCROOT)/choreBoard-Bridging-Header.h";
			};
			name = Release;
		};
/* End XCBuildConfiguration section */

/* Begin XCConfigurationList section */
		80D89BAA1AA768CD00583941 /* Build configuration list for PBXProject "choreBoard" */ = {
			isa = XCConfigurationList;
			buildConfigurations = (
				80D89BCC1AA768CD00583941 /* Debug */,
				80D89BCD1AA768CD00583941 /* Release */,
			);
			defaultConfigurationIsVisible = 0;
			defaultConfigurationName = Release;
		};
		80D89BCE1AA768CD00583941 /* Build configuration list for PBXNativeTarget "choreBoard" */ = {
			isa = XCConfigurationList;
			buildConfigurations = (
				80D89BCF1AA768CD00583941 /* Debug */,
				80D89BD01AA768CD00583941 /* Release */,
			);
			defaultConfigurationIsVisible = 0;
			defaultConfigurationName = Release;
		};
/* End XCConfigurationList section */
	};
	rootObject = 80D89BA71AA768CD00583941 /* Project object */;
}
