// !$*UTF8*$!
{
	archiveVersion = 1;
	classes = {
	};
	objectVersion = 46;
	objects = {

/* Begin PBXBuildFile section */
		80D89BB51AA768CD00583941 /* AppDelegate.swift in Sources */ = {isa = PBXBuildFile; fileRef = 80D89BB41AA768CD00583941 /* AppDelegate.swift */; };
		80D89BB71AA768CD00583941 /* ViewController.swift in Sources */ = {isa = PBXBuildFile; fileRef = 80D89BB61AA768CD00583941 /* ViewController.swift */; };
		80D89BBA1AA768CD00583941 /* Main.storyboard in Resources */ = {isa = PBXBuildFile; fileRef = 80D89BB81AA768CD00583941 /* Main.storyboard */; };
		80D89BBC1AA768CD00583941 /* Images.xcassets in Resources */ = {isa = PBXBuildFile; fileRef = 80D89BBB1AA768CD00583941 /* Images.xcassets */; };
		80D89BBF1AA768CD00583941 /* LaunchScreen.xib in Resources */ = {isa = PBXBuildFile; fileRef = 80D89BBD1AA768CD00583941 /* LaunchScreen.xib */; };
		80E2A0A91AB7FA3B008A169D /* ChoreDetailViewController.swift in Sources */ = {isa = PBXBuildFile; fileRef = 80E2A0A61AB7FA3B008A169D /* ChoreDetailViewController.swift */; };
		80E2A0AA1AB7FA3B008A169D /* SecondViewController.swift in Sources */ = {isa = PBXBuildFile; fileRef = 80E2A0A71AB7FA3B008A169D /* SecondViewController.swift */; };
		80E2A0AB1AB7FA3B008A169D /* ThirdViewController.swift in Sources */ = {isa = PBXBuildFile; fileRef = 80E2A0A81AB7FA3B008A169D /* ThirdViewController.swift */; };
		80E2A0AD1AB7FA5A008A169D /* PageItemController.swift in Sources */ = {isa = PBXBuildFile; fileRef = 80E2A0AC1AB7FA5A008A169D /* PageItemController.swift */; };
		80E2A0AF1AB800EF008A169D /* choreItem.swift in Sources */ = {isa = PBXBuildFile; fileRef = 80E2A0AE1AB800EF008A169D /* choreItem.swift */; };
		80E2A0B11AB8010F008A169D /* StrikeThroughText.swift in Sources */ = {isa = PBXBuildFile; fileRef = 80E2A0B01AB8010F008A169D /* StrikeThroughText.swift */; };
		80E2A0B31AB801DA008A169D /* TableViewCell.swift in Sources */ = {isa = PBXBuildFile; fileRef = 80E2A0B21AB801DA008A169D /* TableViewCell.swift */; };
/* End PBXBuildFile section */

/* Begin PBXFileReference section */
		80D89BAF1AA768CD00583941 /* choreBoard.app */ = {isa = PBXFileReference; explicitFileType = wrapper.application; includeInIndex = 0; path = choreBoard.app; sourceTree = BUILT_PRODUCTS_DIR; };
		80D89BB31AA768CD00583941 /* Info.plist */ = {isa = PBXFileReference; lastKnownFileType = text.plist.xml; path = Info.plist; sourceTree = "<group>"; };
		80D89BB41AA768CD00583941 /* AppDelegate.swift */ = {isa = PBXFileReference; lastKnownFileType = sourcecode.swift; path = AppDelegate.swift; sourceTree = "<group>"; };
		80D89BB61AA768CD00583941 /* ViewController.swift */ = {isa = PBXFileReference; lastKnownFileType = sourcecode.swift; path = ViewController.swift; sourceTree = "<group>"; };
		80D89BB91AA768CD00583941 /* Base */ = {isa = PBXFileReference; lastKnownFileType = file.storyboard; name = Base; path = Base.lproj/Main.storyboard; sourceTree = "<group>"; };
		80D89BBB1AA768CD00583941 /* Images.xcassets */ = {isa = PBXFileReference; lastKnownFileType = folder.assetcatalog; path = Images.xcassets; sourceTree = "<group>"; };
		80D89BBE1AA768CD00583941 /* Base */ = {isa = PBXFileReference; lastKnownFileType = file.xib; name = Base; path = Base.lproj/LaunchScreen.xib; sourceTree = "<group>"; };
		80D89BC91AA768CD00583941 /* Info.plist */ = {isa = PBXFileReference; lastKnownFileType = text.plist.xml; path = Info.plist; sourceTree = "<group>"; };
		80D89BCA1AA768CD00583941 /* choreBoardTests.swift */ = {isa = PBXFileReference; lastKnownFileType = sourcecode.swift; path = choreBoardTests.swift; sourceTree = "<group>"; };
		80E2A0A61AB7FA3B008A169D /* ChoreDetailViewController.swift */ = {isa = PBXFileReference; fileEncoding = 4; lastKnownFileType = sourcecode.swift; path = ChoreDetailViewController.swift; sourceTree = "<group>"; };
		80E2A0A71AB7FA3B008A169D /* SecondViewController.swift */ = {isa = PBXFileReference; fileEncoding = 4; lastKnownFileType = sourcecode.swift; path = SecondViewController.swift; sourceTree = "<group>"; };
		80E2A0A81AB7FA3B008A169D /* ThirdViewController.swift */ = {isa = PBXFileReference; fileEncoding = 4; lastKnownFileType = sourcecode.swift; path = ThirdViewController.swift; sourceTree = "<group>"; };
		80E2A0AC1AB7FA5A008A169D /* PageItemController.swift */ = {isa = PBXFileReference; fileEncoding = 4; lastKnownFileType = sourcecode.swift; path = PageItemController.swift; sourceTree = "<group>"; };
		80E2A0AE1AB800EF008A169D /* choreItem.swift */ = {isa = PBXFileReference; fileEncoding = 4; lastKnownFileType = sourcecode.swift; path = choreItem.swift; sourceTree = "<group>"; };
		80E2A0B01AB8010F008A169D /* StrikeThroughText.swift */ = {isa = PBXFileReference; fileEncoding = 4; lastKnownFileType = sourcecode.swift; path = StrikeThroughText.swift; sourceTree = "<group>"; };
		80E2A0B21AB801DA008A169D /* TableViewCell.swift */ = {isa = PBXFileReference; fileEncoding = 4; lastKnownFileType = sourcecode.swift; path = TableViewCell.swift; sourceTree = "<group>"; };
/* End PBXFileReference section */

/* Begin PBXFrameworksBuildPhase section */
		80D89BAC1AA768CD00583941 /* Frameworks */ = {
			isa = PBXFrameworksBuildPhase;
			buildActionMask = 2147483647;
			files = (
			);
			runOnlyForDeploymentPostprocessing = 0;
		};
/* End PBXFrameworksBuildPhase section */

/* Begin PBXGroup section */
		80D89BA61AA768CD00583941 = {
			isa = PBXGroup;
			children = (
				80D89BB11AA768CD00583941 /* choreBoard */,
				80D89BC71AA768CD00583941 /* choreBoardTests */,
				80D89BB01AA768CD00583941 /* Products */,
			);
			sourceTree = "<group>";
		};
		80D89BB01AA768CD00583941 /* Products */ = {
			isa = PBXGroup;
			children = (
				80D89BAF1AA768CD00583941 /* choreBoard.app */,
			);
			name = Products;
			sourceTree = "<group>";
		};
		80D89BB11AA768CD00583941 /* choreBoard */ = {
			isa = PBXGroup;
			children = (
				80D89BB41AA768CD00583941 /* AppDelegate.swift */,
				80E2A0A51AB7FA2D008A169D /* Subviews */,
				80D89BB61AA768CD00583941 /* ViewController.swift */,
				80E2A0B41AB801E5008A169D /* Chore List */,
				80E2A0AC1AB7FA5A008A169D /* PageItemController.swift */,
				80D89BB81AA768CD00583941 /* Main.storyboard */,
				80D89BBB1AA768CD00583941 /* Images.xcassets */,
				80D89BBD1AA768CD00583941 /* LaunchScreen.xib */,
				80D89BB21AA768CD00583941 /* Supporting Files */,
			);
			path = choreBoard;
			sourceTree = "<group>";
		};
		80D89BB21AA768CD00583941 /* Supporting Files */ = {
			isa = PBXGroup;
			children = (
				80D89BB31AA768CD00583941 /* Info.plist */,
			);
			name = "Supporting Files";
			sourceTree = "<group>";
		};
		80D89BC71AA768CD00583941 /* choreBoardTests */ = {
			isa = PBXGroup;
			children = (
				80D89BCA1AA768CD00583941 /* choreBoardTests.swift */,
				80D89BC81AA768CD00583941 /* Supporting Files */,
			);
			path = choreBoardTests;
			sourceTree = "<group>";
		};
		80D89BC81AA768CD00583941 /* Supporting Files */ = {
			isa = PBXGroup;
			children = (
				80D89BC91AA768CD00583941 /* Info.plist */,
			);
			name = "Supporting Files";
			sourceTree = "<group>";
		};
		80E2A0A51AB7FA2D008A169D /* Subviews */ = {
			isa = PBXGroup;
			children = (
				80E2A0A61AB7FA3B008A169D /* ChoreDetailViewController.swift */,
				80E2A0A71AB7FA3B008A169D /* SecondViewController.swift */,
				80E2A0A81AB7FA3B008A169D /* ThirdViewController.swift */,
			);
			name = Subviews;
			sourceTree = "<group>";
		};
		80E2A0B41AB801E5008A169D /* Chore List */ = {
			isa = PBXGroup;
			children = (
				80E2A0B21AB801DA008A169D /* TableViewCell.swift */,
				80E2A0AE1AB800EF008A169D /* choreItem.swift */,
				80E2A0B01AB8010F008A169D /* StrikeThroughText.swift */,
			);
			name = "Chore List";
			sourceTree = "<group>";
		};
/* End PBXGroup section */

/* Begin PBXNativeTarget section */
		80D89BAE1AA768CD00583941 /* choreBoard */ = {
			isa = PBXNativeTarget;
			buildConfigurationList = 80D89BCE1AA768CD00583941 /* Build configuration list for PBXNativeTarget "choreBoard" */;
			buildPhases = (
				80D89BAB1AA768CD00583941 /* Sources */,
				80D89BAC1AA768CD00583941 /* Frameworks */,
				80D89BAD1AA768CD00583941 /* Resources */,
			);
			buildRules = (
			);
			dependencies = (
			);
			name = choreBoard;
			productName = choreBoardSwipe;
			productReference = 80D89BAF1AA768CD00583941 /* choreBoard.app */;
			productType = "com.apple.product-type.application";
		};
/* End PBXNativeTarget section */

/* Begin PBXProject section */
		80D89BA71AA768CD00583941 /* Project object */ = {
			isa = PBXProject;
			attributes = {
				LastUpgradeCheck = 0610;
				ORGANIZATIONNAME = "Erin Bleiweiss";
				TargetAttributes = {
					80D89BAE1AA768CD00583941 = {
						CreatedOnToolsVersion = 6.1.1;
					};
				};
			};
			buildConfigurationList = 80D89BAA1AA768CD00583941 /* Build configuration list for PBXProject "choreBoard" */;
			compatibilityVersion = "Xcode 3.2";
			developmentRegion = English;
			hasScannedForEncodings = 0;
			knownRegions = (
				en,
				Base,
			);
			mainGroup = 80D89BA61AA768CD00583941;
			productRefGroup = 80D89BB01AA768CD00583941 /* Products */;
			projectDirPath = "";
			projectRoot = "";
			targets = (
				80D89BAE1AA768CD00583941 /* choreBoard */,
			);
		};
/* End PBXProject section */

/* Begin PBXResourcesBuildPhase section */
		80D89BAD1AA768CD00583941 /* Resources */ = {
			isa = PBXResourcesBuildPhase;
			buildActionMask = 2147483647;
			files = (
				80D89BBA1AA768CD00583941 /* Main.storyboard in Resources */,
				80D89BBF1AA768CD00583941 /* LaunchScreen.xib in Resources */,
				80D89BBC1AA768CD00583941 /* Images.xcassets in Resources */,
			);
			runOnlyForDeploymentPostprocessing = 0;
		};
/* End PBXResourcesBuildPhase section */

/* Begin PBXSourcesBuildPhase section */
		80D89BAB1AA768CD00583941 /* Sources */ = {
			isa = PBXSourcesBuildPhase;
			buildActionMask = 2147483647;
			files = (
				80E2A0A91AB7FA3B008A169D /* ChoreDetailViewController.swift in Sources */,
				80E2A0AF1AB800EF008A169D /* choreItem.swift in Sources */,
				80E2A0B11AB8010F008A169D /* StrikeThroughText.swift in Sources */,
				80E2A0B31AB801DA008A169D /* TableViewCell.swift in Sources */,
				80D89BB71AA768CD00583941 /* ViewController.swift in Sources */,
				80E2A0AA1AB7FA3B008A169D /* SecondViewController.swift in Sources */,
				80E2A0AD1AB7FA5A008A169D /* PageItemController.swift in Sources */,
				80E2A0AB1AB7FA3B008A169D /* ThirdViewController.swift in Sources */,
				80D89BB51AA768CD00583941 /* AppDelegate.swift in Sources */,
			);
			runOnlyForDeploymentPostprocessing = 0;
		};
/* End PBXSourcesBuildPhase section */

/* Begin PBXVariantGroup section */
		80D89BB81AA768CD00583941 /* Main.storyboard */ = {
			isa = PBXVariantGroup;
			children = (
				80D89BB91AA768CD00583941 /* Base */,
			);
			name = Main.storyboard;
			sourceTree = "<group>";
		};
		80D89BBD1AA768CD00583941 /* LaunchScreen.xib */ = {
			isa = PBXVariantGroup;
			children = (
				80D89BBE1AA768CD00583941 /* Base */,
			);
			name = LaunchScreen.xib;
			sourceTree = "<group>";
		};
/* End PBXVariantGroup section */

/* Begin XCBuildConfiguration section */
		80D89BCC1AA768CD00583941 /* Debug */ = {
			isa = XCBuildConfiguration;
			buildSettings = {
				ALWAYS_SEARCH_USER_PATHS = NO;
				CLANG_CXX_LANGUAGE_STANDARD = "gnu++0x";
				CLANG_CXX_LIBRARY = "libc++";
				CLANG_ENABLE_MODULES = YES;
				CLANG_ENABLE_OBJC_ARC = YES;
				CLANG_WARN_BOOL_CONVERSION = YES;
				CLANG_WARN_CONSTANT_CONVERSION = YES;
				CLANG_WARN_DIRECT_OBJC_ISA_USAGE = YES_ERROR;
				CLANG_WARN_EMPTY_BODY = YES;
				CLANG_WARN_ENUM_CONVERSION = YES;
				CLANG_WARN_INT_CONVERSION = YES;
				CLANG_WARN_OBJC_ROOT_CLASS = YES_ERROR;
				CLANG_WARN_UNREACHABLE_CODE = YES;
				CLANG_WARN__DUPLICATE_METHOD_MATCH = YES;
				"CODE_SIGN_IDENTITY[sdk=iphoneos*]" = "iPhone Developer";
				COPY_PHASE_STRIP = NO;
				ENABLE_STRICT_OBJC_MSGSEND = YES;
				GCC_C_LANGUAGE_STANDARD = gnu99;
				GCC_DYNAMIC_NO_PIC = NO;
				GCC_OPTIMIZATION_LEVEL = 0;
				GCC_PREPROCESSOR_DEFINITIONS = (
					"DEBUG=1",
					"$(inherited)",
				);
				GCC_SYMBOLS_PRIVATE_EXTERN = NO;
				GCC_WARN_64_TO_32_BIT_CONVERSION = YES;
				GCC_WARN_ABOUT_RETURN_TYPE = YES_ERROR;
				GCC_WARN_UNDECLARED_SELECTOR = YES;
				GCC_WARN_UNINITIALIZED_AUTOS = YES_AGGRESSIVE;
				GCC_WARN_UNUSED_FUNCTION = YES;
				GCC_WARN_UNUSED_VARIABLE = YES;
				IPHONEOS_DEPLOYMENT_TARGET = 8.1;
				MTL_ENABLE_DEBUG_INFO = YES;
				ONLY_ACTIVE_ARCH = YES;
				SDKROOT = iphoneos;
				SWIFT_OPTIMIZATION_LEVEL = "-Onone";
				TARGETED_DEVICE_FAMILY = "1,2";
			};
			name = Debug;
		};
		80D89BCD1AA768CD00583941 /* Release */ = {
			isa = XCBuildConfiguration;
			buildSettings = {
				ALWAYS_SEARCH_USER_PATHS = NO;
				CLANG_CXX_LANGUAGE_STANDARD = "gnu++0x";
				CLANG_CXX_LIBRARY = "libc++";
				CLANG_ENABLE_MODULES = YES;
				CLANG_ENABLE_OBJC_ARC = YES;
				CLANG_WARN_BOOL_CONVERSION = YES;
				CLANG_WARN_CONSTANT_CONVERSION = YES;
				CLANG_WARN_DIRECT_OBJC_ISA_USAGE = YES_ERROR;
				CLANG_WARN_EMPTY_BODY = YES;
				CLANG_WARN_ENUM_CONVERSION = YES;
				CLANG_WARN_INT_CONVERSION = YES;
				CLANG_WARN_OBJC_ROOT_CLASS = YES_ERROR;
				CLANG_WARN_UNREACHABLE_CODE = YES;
				CLANG_WARN__DUPLICATE_METHOD_MATCH = YES;
				"CODE_SIGN_IDENTITY[sdk=iphoneos*]" = "iPhone Developer";
				COPY_PHASE_STRIP = YES;
				ENABLE_NS_ASSERTIONS = NO;
				ENABLE_STRICT_OBJC_MSGSEND = YES;
				GCC_C_LANGUAGE_STANDARD = gnu99;
				GCC_WARN_64_TO_32_BIT_CONVERSION = YES;
				GCC_WARN_ABOUT_RETURN_TYPE = YES_ERROR;
				GCC_WARN_UNDECLARED_SELECTOR = YES;
				GCC_WARN_UNINITIALIZED_AUTOS = YES_AGGRESSIVE;
				GCC_WARN_UNUSED_FUNCTION = YES;
				GCC_WARN_UNUSED_VARIABLE = YES;
				IPHONEOS_DEPLOYMENT_TARGET = 8.1;
				MTL_ENABLE_DEBUG_INFO = NO;
				SDKROOT = iphoneos;
				TARGETED_DEVICE_FAMILY = "1,2";
				VALIDATE_PRODUCT = YES;
			};
			name = Release;
		};
		80D89BCF1AA768CD00583941 /* Debug */ = {
			isa = XCBuildConfiguration;
			buildSettings = {
				ASSETCATALOG_COMPILER_APPICON_NAME = AppIcon;
				GCC_PREFIX_HEADER = "";
				INFOPLIST_FILE = choreBoard/Info.plist;
				LD_RUNPATH_SEARCH_PATHS = "$(inherited) @executable_path/Frameworks";
				PRODUCT_NAME = choreBoard;
			};
			name = Debug;
		};
		80D89BD01AA768CD00583941 /* Release */ = {
			isa = XCBuildConfiguration;
			buildSettings = {
				ASSETCATALOG_COMPILER_APPICON_NAME = AppIcon;
				GCC_PREFIX_HEADER = "";
				INFOPLIST_FILE = choreBoard/Info.plist;
				LD_RUNPATH_SEARCH_PATHS = "$(inherited) @executable_path/Frameworks";
				PRODUCT_NAME = choreBoard;
			};
			name = Release;
		};
/* End XCBuildConfiguration section */

/* Begin XCConfigurationList section */
		80D89BAA1AA768CD00583941 /* Build configuration list for PBXProject "choreBoard" */ = {
			isa = XCConfigurationList;
			buildConfigurations = (
				80D89BCC1AA768CD00583941 /* Debug */,
				80D89BCD1AA768CD00583941 /* Release */,
			);
			defaultConfigurationIsVisible = 0;
			defaultConfigurationName = Release;
		};
		80D89BCE1AA768CD00583941 /* Build configuration list for PBXNativeTarget "choreBoard" */ = {
			isa = XCConfigurationList;
			buildConfigurations = (
				80D89BCF1AA768CD00583941 /* Debug */,
				80D89BD01AA768CD00583941 /* Release */,
			);
			defaultConfigurationIsVisible = 0;
			defaultConfigurationName = Release;
		};
/* End XCConfigurationList section */
	};
	rootObject = 80D89BA71AA768CD00583941 /* Project object */;
}
